Microsoft Visual Studio Solution File, Format Version 12.00
# Visual Studio Version 17
VisualStudioVersion = 17.5.2.0
MinimumVisualStudioVersion = 10.0.40219.1
Project("{2150E333-8FDC-42A3-9474-1A3956D46DE8}") = "api", "api", "{D82C56D6-B2CD-F611-9E31-04638F7EC30E}"
EndProject
Project("{2150E333-8FDC-42A3-9474-1A3956D46DE8}") = "worker", "worker", "{6A5F9DDE-3B88-372A-C771-C486FF97143A}"
EndProject
Project("{2150E333-8FDC-42A3-9474-1A3956D46DE8}") = "tests", "tests", "{BA474DCE-A160-6553-7451-04E3D54504A5}"
EndProject
Project("{FAE04EC0-301F-11D3-BF4B-00C04F79EFBC}") = "Budget.Api.Tests", "api\tests\Budget.Api.Tests\Budget.Api.Tests.csproj", "{6F7879F0-15E2-1FF1-85FF-84FC40A962C2}"
EndProject
Project("{2150E333-8FDC-42A3-9474-1A3956D46DE8}") = "src", "src", "{7218997D-3624-D017-E052-9D306D24EF0B}"
EndProject
Project("{FAE04EC0-301F-11D3-BF4B-00C04F79EFBC}") = "Budget.Api", "api\src\Budget.Api\Budget.Api.csproj", "{5E24383F-7239-E92D-8978-0665E30118E5}"
EndProject
Project("{2150E333-8FDC-42A3-9474-1A3956D46DE8}") = "tests", "tests", "{E6603EA4-9C7C-EA75-FD1A-6B7EE557081B}"
EndProject
Project("{FAE04EC0-301F-11D3-BF4B-00C04F79EFBC}") = "Budget.Worker.Tests", "worker\tests\Budget.Worker.Tests\Budget.Worker.Tests.csproj", "{7A73B5C3-A8FC-E12A-FF52-EE400A693C53}"
EndProject
Project("{2150E333-8FDC-42A3-9474-1A3956D46DE8}") = "src", "src", "{FD81A6AC-0181-D297-D220-5C9B8FFEAC3E}"
EndProject
Project("{FAE04EC0-301F-11D3-BF4B-00C04F79EFBC}") = "Budget.Worker", "worker\src\Budget.Worker\Budget.Worker.csproj", "{B0660456-AEF3-0CBC-8B2A-5732D0EB36C0}"
EndProject
Global
	GlobalSection(SolutionConfigurationPlatforms) = preSolution
		Debug|Any CPU = Debug|Any CPU
		Release|Any CPU = Release|Any CPU
	EndGlobalSection
	GlobalSection(ProjectConfigurationPlatforms) = postSolution
		{6F7879F0-15E2-1FF1-85FF-84FC40A962C2}.Debug|Any CPU.ActiveCfg = Debug|Any CPU
		{6F7879F0-15E2-1FF1-85FF-84FC40A962C2}.Debug|Any CPU.Build.0 = Debug|Any CPU
		{6F7879F0-15E2-1FF1-85FF-84FC40A962C2}.Release|Any CPU.ActiveCfg = Release|Any CPU
		{6F7879F0-15E2-1FF1-85FF-84FC40A962C2}.Release|Any CPU.Build.0 = Release|Any CPU
		{5E24383F-7239-E92D-8978-0665E30118E5}.Debug|Any CPU.ActiveCfg = Debug|Any CPU
		{5E24383F-7239-E92D-8978-0665E30118E5}.Debug|Any CPU.Build.0 = Debug|Any CPU
		{5E24383F-7239-E92D-8978-0665E30118E5}.Release|Any CPU.ActiveCfg = Release|Any CPU
		{5E24383F-7239-E92D-8978-0665E30118E5}.Release|Any CPU.Build.0 = Release|Any CPU
		{7A73B5C3-A8FC-E12A-FF52-EE400A693C53}.Debug|Any CPU.ActiveCfg = Debug|Any CPU
		{7A73B5C3-A8FC-E12A-FF52-EE400A693C53}.Debug|Any CPU.Build.0 = Debug|Any CPU
		{7A73B5C3-A8FC-E12A-FF52-EE400A693C53}.Release|Any CPU.ActiveCfg = Release|Any CPU
		{7A73B5C3-A8FC-E12A-FF52-EE400A693C53}.Release|Any CPU.Build.0 = Release|Any CPU
		{B0660456-AEF3-0CBC-8B2A-5732D0EB36C0}.Debug|Any CPU.ActiveCfg = Debug|Any CPU
		{B0660456-AEF3-0CBC-8B2A-5732D0EB36C0}.Debug|Any CPU.Build.0 = Debug|Any CPU
		{B0660456-AEF3-0CBC-8B2A-5732D0EB36C0}.Release|Any CPU.ActiveCfg = Release|Any CPU
		{B0660456-AEF3-0CBC-8B2A-5732D0EB36C0}.Release|Any CPU.Build.0 = Release|Any CPU
	EndGlobalSection
	GlobalSection(SolutionProperties) = preSolution
		HideSolutionNode = FALSE
	EndGlobalSection
	GlobalSection(NestedProjects) = preSolution
		{BA474DCE-A160-6553-7451-04E3D54504A5} = {D82C56D6-B2CD-F611-9E31-04638F7EC30E}
		{6F7879F0-15E2-1FF1-85FF-84FC40A962C2} = {BA474DCE-A160-6553-7451-04E3D54504A5}
		{7218997D-3624-D017-E052-9D306D24EF0B} = {D82C56D6-B2CD-F611-9E31-04638F7EC30E}
		{5E24383F-7239-E92D-8978-0665E30118E5} = {7218997D-3624-D017-E052-9D306D24EF0B}
		{E6603EA4-9C7C-EA75-FD1A-6B7EE557081B} = {6A5F9DDE-3B88-372A-C771-C486FF97143A}
		{7A73B5C3-A8FC-E12A-FF52-EE400A693C53} = {E6603EA4-9C7C-EA75-FD1A-6B7EE557081B}
		{FD81A6AC-0181-D297-D220-5C9B8FFEAC3E} = {6A5F9DDE-3B88-372A-C771-C486FF97143A}
		{B0660456-AEF3-0CBC-8B2A-5732D0EB36C0} = {FD81A6AC-0181-D297-D220-5C9B8FFEAC3E}
	EndGlobalSection
	GlobalSection(ExtensibilityGlobals) = postSolution
		SolutionGuid = {B2534715-574A-4C4E-82F9-4C6C321760C4}
	EndGlobalSection
EndGlobal
